
Microsoft Visual Studio Solution File, Format Version 12.00
# Visual Studio Version 17
VisualStudioVersion = 17.7.34003.232
MinimumVisualStudioVersion = 10.0.40219.1
Project("{FAE04EC0-301F-11D3-BF4B-00C04F79EFBC}") = "eulers-problem", "eulers-problem.csproj", "{F4B5B5FC-7E66-4B86-B0D2-BE6291A0C867}"
EndProject
Project("{2150E333-8FDC-42A3-9474-1A3956D46DE8}") = "Solution Items", "Solution Items", "{B840ED2C-472D-4913-A820-C6BC3F8D0605}"
	ProjectSection(SolutionItems) = preProject
		Question1.cs = Question1.cs
	EndProjectSection
EndProject
Global
	GlobalSection(SolutionConfigurationPlatforms) = preSolution
		Debug|Any CPU = Debug|Any CPU
		Release|Any CPU = Release|Any CPU
	EndGlobalSection
	GlobalSection(ProjectConfigurationPlatforms) = postSolution
		{F4B5B5FC-7E66-4B86-B0D2-BE6291A0C867}.Debug|Any CPU.ActiveCfg = Debug|Any CPU
		{F4B5B5FC-7E66-4B86-B0D2-BE6291A0C867}.Debug|Any CPU.Build.0 = Debug|Any CPU
		{F4B5B5FC-7E66-4B86-B0D2-BE6291A0C867}.Release|Any CPU.ActiveCfg = Release|Any CPU
		{F4B5B5FC-7E66-4B86-B0D2-BE6291A0C867}.Release|Any CPU.Build.0 = Release|Any CPU
	EndGlobalSection
	GlobalSection(SolutionProperties) = preSolution
		HideSolutionNode = FALSE
	EndGlobalSection
	GlobalSection(ExtensibilityGlobals) = postSolution
		SolutionGuid = {00FA93F9-AEC0-40A9-A6C4-E6C0E81CEF01}
	EndGlobalSection
EndGlobal
